// !$*UTF8*$!
{
	archiveVersion = 1;
	classes = {
	};
	objectVersion = 50;
	objects = {

/* Begin PBXBuildFile section */
		2168E83B2429AF2300F288CF /* AppDelegate.swift in Sources */ = {isa = PBXBuildFile; fileRef = 2168E83A2429AF2300F288CF /* AppDelegate.swift */; };
		2168E83D2429AF2300F288CF /* SceneDelegate.swift in Sources */ = {isa = PBXBuildFile; fileRef = 2168E83C2429AF2300F288CF /* SceneDelegate.swift */; };
		2168E83F2429AF2300F288CF /* ContentView.swift in Sources */ = {isa = PBXBuildFile; fileRef = 2168E83E2429AF2300F288CF /* ContentView.swift */; };
		2168E8412429AF2700F288CF /* Assets.xcassets in Resources */ = {isa = PBXBuildFile; fileRef = 2168E8402429AF2700F288CF /* Assets.xcassets */; };
		2168E8442429AF2700F288CF /* Preview Assets.xcassets in Resources */ = {isa = PBXBuildFile; fileRef = 2168E8432429AF2700F288CF /* Preview Assets.xcassets */; };
		2168E8472429AF2700F288CF /* LaunchScreen.storyboard in Resources */ = {isa = PBXBuildFile; fileRef = 2168E8452429AF2700F288CF /* LaunchScreen.storyboard */; };
		2168E8502429B31200F288CF /* RockSalt-Regular.ttf in Resources */ = {isa = PBXBuildFile; fileRef = 2168E84F2429B31200F288CF /* RockSalt-Regular.ttf */; };
		2168E8522429C48100F288CF /* InfoView.swift in Sources */ = {isa = PBXBuildFile; fileRef = 2168E8512429C48100F288CF /* InfoView.swift */; };
/* End PBXBuildFile section */

/* Begin PBXFileReference section */
		2168E8372429AF2300F288CF /* AntonCard.app */ = {isa = PBXFileReference; explicitFileType = wrapper.application; includeInIndex = 0; path = AntonCard.app; sourceTree = BUILT_PRODUCTS_DIR; };
		2168E83A2429AF2300F288CF /* AppDelegate.swift */ = {isa = PBXFileReference; lastKnownFileType = sourcecode.swift; path = AppDelegate.swift; sourceTree = "<group>"; };
		2168E83C2429AF2300F288CF /* SceneDelegate.swift */ = {isa = PBXFileReference; lastKnownFileType = sourcecode.swift; path = SceneDelegate.swift; sourceTree = "<group>"; };
		2168E83E2429AF2300F288CF /* ContentView.swift */ = {isa = PBXFileReference; lastKnownFileType = sourcecode.swift; path = ContentView.swift; sourceTree = "<group>"; };
		2168E8402429AF2700F288CF /* Assets.xcassets */ = {isa = PBXFileReference; lastKnownFileType = folder.assetcatalog; path = Assets.xcassets; sourceTree = "<group>"; };
		2168E8432429AF2700F288CF /* Preview Assets.xcassets */ = {isa = PBXFileReference; lastKnownFileType = folder.assetcatalog; path = "Preview Assets.xcassets"; sourceTree = "<group>"; };
		2168E8462429AF2700F288CF /* Base */ = {isa = PBXFileReference; lastKnownFileType = file.storyboard; name = Base; path = Base.lproj/LaunchScreen.storyboard; sourceTree = "<group>"; };
		2168E8482429AF2700F288CF /* Info.plist */ = {isa = PBXFileReference; lastKnownFileType = text.plist.xml; path = Info.plist; sourceTree = "<group>"; };
		2168E84F2429B31200F288CF /* RockSalt-Regular.ttf */ = {isa = PBXFileReference; lastKnownFileType = file; path = "RockSalt-Regular.ttf"; sourceTree = "<group>"; };
		2168E8512429C48100F288CF /* InfoView.swift */ = {isa = PBXFileReference; lastKnownFileType = sourcecode.swift; path = InfoView.swift; sourceTree = "<group>"; };
/* End PBXFileReference section */

/* Begin PBXFrameworksBuildPhase section */
		2168E8342429AF2300F288CF /* Frameworks */ = {
			isa = PBXFrameworksBuildPhase;
			buildActionMask = 2147483647;
			files = (
			);
			runOnlyForDeploymentPostprocessing = 0;
		};
/* End PBXFrameworksBuildPhase section */

/* Begin PBXGroup section */
		2168E82E2429AF2300F288CF = {
			isa = PBXGroup;
			children = (
				2168E8392429AF2300F288CF /* AntonCard */,
				2168E8382429AF2300F288CF /* Products */,
			);
			sourceTree = "<group>";
		};
		2168E8382429AF2300F288CF /* Products */ = {
			isa = PBXGroup;
			children = (
				2168E8372429AF2300F288CF /* AntonCard.app */,
			);
			name = Products;
			sourceTree = "<group>";
		};
		2168E8392429AF2300F288CF /* AntonCard */ = {
			isa = PBXGroup;
			children = (
				2168E84E2429B2F700F288CF /* fonts */,
				2168E83A2429AF2300F288CF /* AppDelegate.swift */,
				2168E83C2429AF2300F288CF /* SceneDelegate.swift */,
				2168E83E2429AF2300F288CF /* ContentView.swift */,
				2168E8512429C48100F288CF /* InfoView.swift */,
				2168E8402429AF2700F288CF /* Assets.xcassets */,
				2168E8452429AF2700F288CF /* LaunchScreen.storyboard */,
				2168E8482429AF2700F288CF /* Info.plist */,
				2168E8422429AF2700F288CF /* Preview Content */,
			);
			path = AntonCard;
			sourceTree = "<group>";
		};
		2168E8422429AF2700F288CF /* Preview Content */ = {
			isa = PBXGroup;
			children = (
				2168E8432429AF2700F288CF /* Preview Assets.xcassets */,
			);
			path = "Preview Content";
			sourceTree = "<group>";
		};
		2168E84E2429B2F700F288CF /* fonts */ = {
			isa = PBXGroup;
			children = (
				2168E84F2429B31200F288CF /* RockSalt-Regular.ttf */,
			);
			path = fonts;
			sourceTree = "<group>";
		};
/* End PBXGroup section */

/* Begin PBXNativeTarget section */
		2168E8362429AF2300F288CF /* AntonCard */ = {
			isa = PBXNativeTarget;
			buildConfigurationList = 2168E84B2429AF2700F288CF /* Build configuration list for PBXNativeTarget "AntonCard" */;
			buildPhases = (
				2168E8332429AF2300F288CF /* Sources */,
				2168E8342429AF2300F288CF /* Frameworks */,
				2168E8352429AF2300F288CF /* Resources */,
			);
			buildRules = (
			);
			dependencies = (
			);
			name = AntonCard;
			productName = AntonCard;
			productReference = 2168E8372429AF2300F288CF /* AntonCard.app */;
			productType = "com.apple.product-type.application";
		};
/* End PBXNativeTarget section */

/* Begin PBXProject section */
		2168E82F2429AF2300F288CF /* Project object */ = {
			isa = PBXProject;
			attributes = {
				LastSwiftUpdateCheck = 1130;
				LastUpgradeCheck = 1130;
				ORGANIZATIONNAME = "Anton Veldanov";
				TargetAttributes = {
					2168E8362429AF2300F288CF = {
						CreatedOnToolsVersion = 11.3.1;
					};
				};
			};
			buildConfigurationList = 2168E8322429AF2300F288CF /* Build configuration list for PBXProject "AntonCard" */;
			compatibilityVersion = "Xcode 9.3";
			developmentRegion = en;
			hasScannedForEncodings = 0;
			knownRegions = (
				en,
				Base,
			);
			mainGroup = 2168E82E2429AF2300F288CF;
			productRefGroup = 2168E8382429AF2300F288CF /* Products */;
			projectDirPath = "";
			projectRoot = "";
			targets = (
				2168E8362429AF2300F288CF /* AntonCard */,
			);
		};
/* End PBXProject section */

/* Begin PBXResourcesBuildPhase section */
		2168E8352429AF2300F288CF /* Resources */ = {
			isa = PBXResourcesBuildPhase;
			buildActionMask = 2147483647;
			files = (
				2168E8472429AF2700F288CF /* LaunchScreen.storyboard in Resources */,
				2168E8442429AF2700F288CF /* Preview Assets.xcassets in Resources */,
				2168E8502429B31200F288CF /* RockSalt-Regular.ttf in Resources */,
				2168E8412429AF2700F288CF /* Assets.xcassets in Resources */,
			);
			runOnlyForDeploymentPostprocessing = 0;
		};
/* End PBXResourcesBuildPhase section */

/* Begin PBXSourcesBuildPhase section */
		2168E8332429AF2300F288CF /* Sources */ = {
			isa = PBXSourcesBuildPhase;
			buildActionMask = 2147483647;
			files = (
				2168E8522429C48100F288CF /* InfoView.swift in Sources */,
				2168E83B2429AF2300F288CF /* AppDelegate.swift in Sources */,
				2168E83D2429AF2300F288CF /* SceneDelegate.swift in Sources */,
				2168E83F2429AF2300F288CF /* ContentView.swift in Sources */,
			);
			runOnlyForDeploymentPostprocessing = 0;
		};
/* End PBXSourcesBuildPhase section */

/* Begin PBXVariantGroup section */
		2168E8452429AF2700F288CF /* LaunchScreen.storyboard */ = {
			isa = PBXVariantGroup;
			children = (
				2168E8462429AF2700F288CF /* Base */,
			);
			name = LaunchScreen.storyboard;
			sourceTree = "<group>";
		};
/* End PBXVariantGroup section */

/* Begin XCBuildConfiguration section */
		2168E8492429AF2700F288CF /* Debug */ = {
			isa = XCBuildConfiguration;
			buildSettings = {
				ALWAYS_SEARCH_USER_PATHS = NO;
				CLANG_ANALYZER_NONNULL = YES;
				CLANG_ANALYZER_NUMBER_OBJECT_CONVERSION = YES_AGGRESSIVE;
				CLANG_CXX_LANGUAGE_STANDARD = "gnu++14";
				CLANG_CXX_LIBRARY = "libc++";
				CLANG_ENABLE_MODULES = YES;
				CLANG_ENABLE_OBJC_ARC = YES;
				CLANG_ENABLE_OBJC_WEAK = YES;
				CLANG_WARN_BLOCK_CAPTURE_AUTORELEASING = YES;
				CLANG_WARN_BOOL_CONVERSION = YES;
				CLANG_WARN_COMMA = YES;
				CLANG_WARN_CONSTANT_CONVERSION = YES;
				CLANG_WARN_DEPRECATED_OBJC_IMPLEMENTATIONS = YES;
				CLANG_WARN_DIRECT_OBJC_ISA_USAGE = YES_ERROR;
				CLANG_WARN_DOCUMENTATION_COMMENTS = YES;
				CLANG_WARN_EMPTY_BODY = YES;
				CLANG_WARN_ENUM_CONVERSION = YES;
				CLANG_WARN_INFINITE_RECURSION = YES;
				CLANG_WARN_INT_CONVERSION = YES;
				CLANG_WARN_NON_LITERAL_NULL_CONVERSION = YES;
				CLANG_WARN_OBJC_IMPLICIT_RETAIN_SELF = YES;
				CLANG_WARN_OBJC_LITERAL_CONVERSION = YES;
				CLANG_WARN_OBJC_ROOT_CLASS = YES_ERROR;
				CLANG_WARN_RANGE_LOOP_ANALYSIS = YES;
				CLANG_WARN_STRICT_PROTOTYPES = YES;
				CLANG_WARN_SUSPICIOUS_MOVE = YES;
				CLANG_WARN_UNGUARDED_AVAILABILITY = YES_AGGRESSIVE;
				CLANG_WARN_UNREACHABLE_CODE = YES;
				CLANG_WARN__DUPLICATE_METHOD_MATCH = YES;
				COPY_PHASE_STRIP = NO;
				DEBUG_INFORMATION_FORMAT = dwarf;
				ENABLE_STRICT_OBJC_MSGSEND = YES;
				ENABLE_TESTABILITY = YES;
				GCC_C_LANGUAGE_STANDARD = gnu11;
				GCC_DYNAMIC_NO_PIC = NO;
				GCC_NO_COMMON_BLOCKS = YES;
				GCC_OPTIMIZATION_LEVEL = 0;
				GCC_PREPROCESSOR_DEFINITIONS = (
					"DEBUG=1",
					"$(inherited)",
				);
				GCC_WARN_64_TO_32_BIT_CONVERSION = YES;
				GCC_WARN_ABOUT_RETURN_TYPE = YES_ERROR;
				GCC_WARN_UNDECLARED_SELECTOR = YES;
				GCC_WARN_UNINITIALIZED_AUTOS = YES_AGGRESSIVE;
				GCC_WARN_UNUSED_FUNCTION = YES;
				GCC_WARN_UNUSED_VARIABLE = YES;
				IPHONEOS_DEPLOYMENT_TARGET = 13.2;
				MTL_ENABLE_DEBUG_INFO = INCLUDE_SOURCE;
				MTL_FAST_MATH = YES;
				ONLY_ACTIVE_ARCH = YES;
				SDKROOT = iphoneos;
				SWIFT_ACTIVE_COMPILATION_CONDITIONS = DEBUG;
				SWIFT_OPTIMIZATION_LEVEL = "-Onone";
			};
			name = Debug;
		};
		2168E84A2429AF2700F288CF /* Release */ = {
			isa = XCBuildConfiguration;
			buildSettings = {
				ALWAYS_SEARCH_USER_PATHS = NO;
				CLANG_ANALYZER_NONNULL = YES;
				CLANG_ANALYZER_NUMBER_OBJECT_CONVERSION = YES_AGGRESSIVE;
				CLANG_CXX_LANGUAGE_STANDARD = "gnu++14";
				CLANG_CXX_LIBRARY = "libc++";
				CLANG_ENABLE_MODULES = YES;
				CLANG_ENABLE_OBJC_ARC = YES;
				CLANG_ENABLE_OBJC_WEAK = YES;
				CLANG_WARN_BLOCK_CAPTURE_AUTORELEASING = YES;
				CLANG_WARN_BOOL_CONVERSION = YES;
				CLANG_WARN_COMMA = YES;
				CLANG_WARN_CONSTANT_CONVERSION = YES;
				CLANG_WARN_DEPRECATED_OBJC_IMPLEMENTATIONS = YES;
				CLANG_WARN_DIRECT_OBJC_ISA_USAGE = YES_ERROR;
				CLANG_WARN_DOCUMENTATION_COMMENTS = YES;
				CLANG_WARN_EMPTY_BODY = YES;
				CLANG_WARN_ENUM_CONVERSION = YES;
				CLANG_WARN_INFINITE_RECURSION = YES;
				CLANG_WARN_INT_CONVERSION = YES;
				CLANG_WARN_NON_LITERAL_NULL_CONVERSION = YES;
				CLANG_WARN_OBJC_IMPLICIT_RETAIN_SELF = YES;
				CLANG_WARN_OBJC_LITERAL_CONVERSION = YES;
				CLANG_WARN_OBJC_ROOT_CLASS = YES_ERROR;
				CLANG_WARN_RANGE_LOOP_ANALYSIS = YES;
				CLANG_WARN_STRICT_PROTOTYPES = YES;
				CLANG_WARN_SUSPICIOUS_MOVE = YES;
				CLANG_WARN_UNGUARDED_AVAILABILITY = YES_AGGRESSIVE;
				CLANG_WARN_UNREACHABLE_CODE = YES;
				CLANG_WARN__DUPLICATE_METHOD_MATCH = YES;
				COPY_PHASE_STRIP = NO;
				DEBUG_INFORMATION_FORMAT = "dwarf-with-dsym";
				ENABLE_NS_ASSERTIONS = NO;
				ENABLE_STRICT_OBJC_MSGSEND = YES;
				GCC_C_LANGUAGE_STANDARD = gnu11;
				GCC_NO_COMMON_BLOCKS = YES;
				GCC_WARN_64_TO_32_BIT_CONVERSION = YES;
				GCC_WARN_ABOUT_RETURN_TYPE = YES_ERROR;
				GCC_WARN_UNDECLARED_SELECTOR = YES;
				GCC_WARN_UNINITIALIZED_AUTOS = YES_AGGRESSIVE;
				GCC_WARN_UNUSED_FUNCTION = YES;
				GCC_WARN_UNUSED_VARIABLE = YES;
				IPHONEOS_DEPLOYMENT_TARGET = 13.2;
				MTL_ENABLE_DEBUG_INFO = NO;
				MTL_FAST_MATH = YES;
				SDKROOT = iphoneos;
				SWIFT_COMPILATION_MODE = wholemodule;
				SWIFT_OPTIMIZATION_LEVEL = "-O";
				VALIDATE_PRODUCT = YES;
			};
			name = Release;
		};
		2168E84C2429AF2700F288CF /* Debug */ = {
			isa = XCBuildConfiguration;
			buildSettings = {
				ASSETCATALOG_COMPILER_APPICON_NAME = AppIcon;
				CODE_SIGN_STYLE = Automatic;
				DEVELOPMENT_ASSET_PATHS = "\"AntonCard/Preview Content\"";
				DEVELOPMENT_TEAM = QLJ84Q3ZSY;
				ENABLE_PREVIEWS = YES;
				INFOPLIST_FILE = AntonCard/Info.plist;
				LD_RUNPATH_SEARCH_PATHS = (
					"$(inherited)",
					"@executable_path/Frameworks",
				);
				PRODUCT_BUNDLE_IDENTIFIER = com.aveldanov.AntonCard;
				PRODUCT_NAME = "$(TARGET_NAME)";
				SWIFT_VERSION = 5.0;
				TARGETED_DEVICE_FAMILY = "1,2";
			};
			name = Debug;
		};
		2168E84D2429AF2700F288CF /* Release */ = {
			isa = XCBuildConfiguration;
			buildSettings = {
				ASSETCATALOG_COMPILER_APPICON_NAME = AppIcon;
				CODE_SIGN_STYLE = Automatic;
				DEVELOPMENT_ASSET_PATHS = "\"AntonCard/Preview Content\"";
				DEVELOPMENT_TEAM = QLJ84Q3ZSY;
				ENABLE_PREVIEWS = YES;
				INFOPLIST_FILE = AntonCard/Info.plist;
				LD_RUNPATH_SEARCH_PATHS = (
					"$(inherited)",
					"@executable_path/Frameworks",
				);
				PRODUCT_BUNDLE_IDENTIFIER = com.aveldanov.AntonCard;
				PRODUCT_NAME = "$(TARGET_NAME)";
				SWIFT_VERSION = 5.0;
				TARGETED_DEVICE_FAMILY = "1,2";
			};
			name = Release;
		};
/* End XCBuildConfiguration section */

/* Begin XCConfigurationList section */
		2168E8322429AF2300F288CF /* Build configuration list for PBXProject "AntonCard" */ = {
			isa = XCConfigurationList;
			buildConfigurations = (
				2168E8492429AF2700F288CF /* Debug */,
				2168E84A2429AF2700F288CF /* Release */,
			);
			defaultConfigurationIsVisible = 0;
			defaultConfigurationName = Release;
		};
		2168E84B2429AF2700F288CF /* Build configuration list for PBXNativeTarget "AntonCard" */ = {
			isa = XCConfigurationList;
			buildConfigurations = (
				2168E84C2429AF2700F288CF /* Debug */,
				2168E84D2429AF2700F288CF /* Release */,
			);
			defaultConfigurationIsVisible = 0;
			defaultConfigurationName = Release;
		};
/* End XCConfigurationList section */
	};
	rootObject = 2168E82F2429AF2300F288CF /* Project object */;
}
